
Microsoft Visual Studio Solution File, Format Version 12.00
# Visual Studio Version 17
VisualStudioVersion = 17.4.33122.133
MinimumVisualStudioVersion = 10.0.40219.1
Project("{8BC9CEB8-8B4A-11D0-8D11-00A0C91BC942}") = "Lineare Liste", "Lineare Liste\Lineare Liste.vcxproj", "{604AC104-6F7A-468F-ABF3-4725E043BC4C}"
EndProject
Global
	GlobalSection(SolutionConfigurationPlatforms) = preSolution
		Debug|x64 = Debug|x64
		Debug|x86 = Debug|x86
		Release|x64 = Release|x64
		Release|x86 = Release|x86
	EndGlobalSection
	GlobalSection(ProjectConfigurationPlatforms) = postSolution
		{604AC104-6F7A-468F-ABF3-4725E043BC4C}.Debug|x64.ActiveCfg = Debug|x64
		{604AC104-6F7A-468F-ABF3-4725E043BC4C}.Debug|x64.Build.0 = Debug|x64
		{604AC104-6F7A-468F-ABF3-4725E043BC4C}.Debug|x86.ActiveCfg = Debug|Win32
		{604AC104-6F7A-468F-ABF3-4725E043BC4C}.Debug|x86.Build.0 = Debug|Win32
		{604AC104-6F7A-468F-ABF3-4725E043BC4C}.Release|x64.ActiveCfg = Release|x64
		{604AC104-6F7A-468F-ABF3-4725E043BC4C}.Release|x64.Build.0 = Release|x64
		{604AC104-6F7A-468F-ABF3-4725E043BC4C}.Release|x86.ActiveCfg = Release|Win32
		{604AC104-6F7A-468F-ABF3-4725E043BC4C}.Release|x86.Build.0 = Release|Win32
	EndGlobalSection
	GlobalSection(SolutionProperties) = preSolution
		HideSolutionNode = FALSE
	EndGlobalSection
	GlobalSection(ExtensibilityGlobals) = postSolution
		SolutionGuid = {C5BCC0C3-7D6F-4AB5-8441-02B3B63127F9}
	EndGlobalSection
EndGlobal
